
Microsoft Visual Studio Solution File, Format Version 12.00
# Visual Studio Version 16
VisualStudioVersion = 16.0.30907.101
MinimumVisualStudioVersion = 10.0.40219.1
Project("{FAE04EC0-301F-11D3-BF4B-00C04F79EFBC}") = "TicTacToeApplication", "TicTacToeApplication\TicTacToeApplication.csproj", "{48C21CA9-6C20-49C1-883D-AAAFA4A87694}"
EndProject
Global
	GlobalSection(SolutionConfigurationPlatforms) = preSolution
		Debug|Any CPU = Debug|Any CPU
		Release|Any CPU = Release|Any CPU
	EndGlobalSection
	GlobalSection(ProjectConfigurationPlatforms) = postSolution
		{48C21CA9-6C20-49C1-883D-AAAFA4A87694}.Debug|Any CPU.ActiveCfg = Debug|Any CPU
		{48C21CA9-6C20-49C1-883D-AAAFA4A87694}.Debug|Any CPU.Build.0 = Debug|Any CPU
		{48C21CA9-6C20-49C1-883D-AAAFA4A87694}.Release|Any CPU.ActiveCfg = Release|Any CPU
		{48C21CA9-6C20-49C1-883D-AAAFA4A87694}.Release|Any CPU.Build.0 = Release|Any CPU
	EndGlobalSection
	GlobalSection(SolutionProperties) = preSolution
		HideSolutionNode = FALSE
	EndGlobalSection
	GlobalSection(ExtensibilityGlobals) = postSolution
		SolutionGuid = {5DEFF917-4A7D-4311-9A93-6BC6158F3071}
	EndGlobalSection
EndGlobal
